
Microsoft Visual Studio Solution File, Format Version 12.00
# Visual Studio Version 17
VisualStudioVersion = 17.3.32804.467
MinimumVisualStudioVersion = 10.0.40219.1
Project("{9A19103F-16F7-4668-BE54-9A1E7A4F7556}") = "Arty", "Arty\Arty.csproj", "{159D5C0C-196B-4259-A1B3-F9AA6003258C}"
EndProject
Project("{9A19103F-16F7-4668-BE54-9A1E7A4F7556}") = "Arty.Models", "Arty.Models\Arty.Models.csproj", "{5497BB2C-35F2-4201-8C80-28FF2F2C9DC2}"
EndProject
Project("{9A19103F-16F7-4668-BE54-9A1E7A4F7556}") = "Arty.Services", "Arty.Services\Arty.Services.csproj", "{FA23D9EC-4B05-45A9-9759-A5137F838CB7}"
EndProject
Global
	GlobalSection(SolutionConfigurationPlatforms) = preSolution
		Debug|Any CPU = Debug|Any CPU
		Release|Any CPU = Release|Any CPU
	EndGlobalSection
	GlobalSection(ProjectConfigurationPlatforms) = postSolution
		{159D5C0C-196B-4259-A1B3-F9AA6003258C}.Debug|Any CPU.ActiveCfg = Debug|Any CPU
		{159D5C0C-196B-4259-A1B3-F9AA6003258C}.Debug|Any CPU.Build.0 = Debug|Any CPU
		{159D5C0C-196B-4259-A1B3-F9AA6003258C}.Release|Any CPU.ActiveCfg = Release|Any CPU
		{159D5C0C-196B-4259-A1B3-F9AA6003258C}.Release|Any CPU.Build.0 = Release|Any CPU
		{5497BB2C-35F2-4201-8C80-28FF2F2C9DC2}.Debug|Any CPU.ActiveCfg = Debug|Any CPU
		{5497BB2C-35F2-4201-8C80-28FF2F2C9DC2}.Debug|Any CPU.Build.0 = Debug|Any CPU
		{5497BB2C-35F2-4201-8C80-28FF2F2C9DC2}.Release|Any CPU.ActiveCfg = Release|Any CPU
		{5497BB2C-35F2-4201-8C80-28FF2F2C9DC2}.Release|Any CPU.Build.0 = Release|Any CPU
		{FA23D9EC-4B05-45A9-9759-A5137F838CB7}.Debug|Any CPU.ActiveCfg = Debug|Any CPU
		{FA23D9EC-4B05-45A9-9759-A5137F838CB7}.Debug|Any CPU.Build.0 = Debug|Any CPU
		{FA23D9EC-4B05-45A9-9759-A5137F838CB7}.Release|Any CPU.ActiveCfg = Release|Any CPU
		{FA23D9EC-4B05-45A9-9759-A5137F838CB7}.Release|Any CPU.Build.0 = Release|Any CPU
	EndGlobalSection
	GlobalSection(SolutionProperties) = preSolution
		HideSolutionNode = FALSE
	EndGlobalSection
	GlobalSection(ExtensibilityGlobals) = postSolution
		SolutionGuid = {C5C0BB2A-55DC-40F1-AAE5-96034A12A099}
	EndGlobalSection
EndGlobal
